
Microsoft Visual Studio Solution File, Format Version 11.00
# Visual Studio 2010
Project("{FAE04EC0-301F-11D3-BF4B-00C04F79EFBC}") = "24hgame1", "24hgame1\24hgame1.csproj", "{71C69300-BD0B-4722-BCF1-7E3520CCDBA3}"
EndProject
Global
	GlobalSection(SolutionConfigurationPlatforms) = preSolution
		Debug|x86 = Debug|x86
		Release|x86 = Release|x86
	EndGlobalSection
	GlobalSection(ProjectConfigurationPlatforms) = postSolution
		{71C69300-BD0B-4722-BCF1-7E3520CCDBA3}.Debug|x86.ActiveCfg = Debug|x86
		{71C69300-BD0B-4722-BCF1-7E3520CCDBA3}.Debug|x86.Build.0 = Debug|x86
		{71C69300-BD0B-4722-BCF1-7E3520CCDBA3}.Release|x86.ActiveCfg = Release|x86
		{71C69300-BD0B-4722-BCF1-7E3520CCDBA3}.Release|x86.Build.0 = Release|x86
	EndGlobalSection
	GlobalSection(MonoDevelopProperties) = preSolution
		StartupItem = 24hgame1\24hgame1.csproj
	EndGlobalSection
EndGlobal
